// !$*UTF8*$!
{
	archiveVersion = 1;
	classes = {
	};
	objectVersion = 50;
	objects = {

/* Begin PBXBuildFile section */
		263678F324EDD67C004574E8 /* Refeicao.swift in Sources */ = {isa = PBXBuildFile; fileRef = 263678F224EDD67C004574E8 /* Refeicao.swift */; };
		263678F524EDD6FE004574E8 /* Item.swift in Sources */ = {isa = PBXBuildFile; fileRef = 263678F424EDD6FE004574E8 /* Item.swift */; };
		265CC0A524D0CD5D0077B280 /* AppDelegate.swift in Sources */ = {isa = PBXBuildFile; fileRef = 265CC0A424D0CD5D0077B280 /* AppDelegate.swift */; };
		265CC0A724D0CD5D0077B280 /* SceneDelegate.swift in Sources */ = {isa = PBXBuildFile; fileRef = 265CC0A624D0CD5D0077B280 /* SceneDelegate.swift */; };
		265CC0A924D0CD5D0077B280 /* ViewController.swift in Sources */ = {isa = PBXBuildFile; fileRef = 265CC0A824D0CD5D0077B280 /* ViewController.swift */; };
		265CC0AC24D0CD5D0077B280 /* Main.storyboard in Resources */ = {isa = PBXBuildFile; fileRef = 265CC0AA24D0CD5D0077B280 /* Main.storyboard */; };
		265CC0AE24D0CD7C0077B280 /* Assets.xcassets in Resources */ = {isa = PBXBuildFile; fileRef = 265CC0AD24D0CD7C0077B280 /* Assets.xcassets */; };
		265CC0B124D0CD7C0077B280 /* LaunchScreen.storyboard in Resources */ = {isa = PBXBuildFile; fileRef = 265CC0AF24D0CD7C0077B280 /* LaunchScreen.storyboard */; };
		26CF9E6024F861210078B0AD /* RefeicoesTableViewController.swift in Sources */ = {isa = PBXBuildFile; fileRef = 26CF9E5F24F861210078B0AD /* RefeicoesTableViewController.swift */; };
/* End PBXBuildFile section */

/* Begin PBXFileReference section */
		263678F224EDD67C004574E8 /* Refeicao.swift */ = {isa = PBXFileReference; lastKnownFileType = sourcecode.swift; path = Refeicao.swift; sourceTree = "<group>"; };
		263678F424EDD6FE004574E8 /* Item.swift */ = {isa = PBXFileReference; lastKnownFileType = sourcecode.swift; path = Item.swift; sourceTree = "<group>"; };
		265CC0A124D0CD5D0077B280 /* alura1.app */ = {isa = PBXFileReference; explicitFileType = wrapper.application; includeInIndex = 0; path = alura1.app; sourceTree = BUILT_PRODUCTS_DIR; };
		265CC0A424D0CD5D0077B280 /* AppDelegate.swift */ = {isa = PBXFileReference; lastKnownFileType = sourcecode.swift; path = AppDelegate.swift; sourceTree = "<group>"; };
		265CC0A624D0CD5D0077B280 /* SceneDelegate.swift */ = {isa = PBXFileReference; lastKnownFileType = sourcecode.swift; path = SceneDelegate.swift; sourceTree = "<group>"; };
		265CC0A824D0CD5D0077B280 /* ViewController.swift */ = {isa = PBXFileReference; lastKnownFileType = sourcecode.swift; path = ViewController.swift; sourceTree = "<group>"; };
		265CC0AB24D0CD5D0077B280 /* Base */ = {isa = PBXFileReference; lastKnownFileType = file.storyboard; name = Base; path = Base.lproj/Main.storyboard; sourceTree = "<group>"; };
		265CC0AD24D0CD7C0077B280 /* Assets.xcassets */ = {isa = PBXFileReference; lastKnownFileType = folder.assetcatalog; path = Assets.xcassets; sourceTree = "<group>"; };
		265CC0B024D0CD7C0077B280 /* Base */ = {isa = PBXFileReference; lastKnownFileType = file.storyboard; name = Base; path = Base.lproj/LaunchScreen.storyboard; sourceTree = "<group>"; };
		265CC0B224D0CD7C0077B280 /* Info.plist */ = {isa = PBXFileReference; lastKnownFileType = text.plist.xml; path = Info.plist; sourceTree = "<group>"; };
		26CF9E5F24F861210078B0AD /* RefeicoesTableViewController.swift */ = {isa = PBXFileReference; lastKnownFileType = sourcecode.swift; path = RefeicoesTableViewController.swift; sourceTree = "<group>"; };
		26DBFB3B24D64F4100E41729 /* MyPlayground.playground */ = {isa = PBXFileReference; lastKnownFileType = file.playground; path = MyPlayground.playground; sourceTree = "<group>"; xcLanguageSpecificationIdentifier = xcode.lang.swift; };
/* End PBXFileReference section */

/* Begin PBXFrameworksBuildPhase section */
		265CC09E24D0CD5D0077B280 /* Frameworks */ = {
			isa = PBXFrameworksBuildPhase;
			buildActionMask = 2147483647;
			files = (
			);
			runOnlyForDeploymentPostprocessing = 0;
		};
/* End PBXFrameworksBuildPhase section */

/* Begin PBXGroup section */
		263678F624EDD7CC004574E8 /* Models */ = {
			isa = PBXGroup;
			children = (
				263678F424EDD6FE004574E8 /* Item.swift */,
				263678F224EDD67C004574E8 /* Refeicao.swift */,
			);
			path = Models;
			sourceTree = "<group>";
		};
		263678F724EDD7E6004574E8 /* Controllers */ = {
			isa = PBXGroup;
			children = (
				265CC0A824D0CD5D0077B280 /* ViewController.swift */,
				26CF9E5F24F861210078B0AD /* RefeicoesTableViewController.swift */,
			);
			path = Controllers;
			sourceTree = "<group>";
		};
		263678F824EDD7F6004574E8 /* Views */ = {
			isa = PBXGroup;
			children = (
				265CC0AA24D0CD5D0077B280 /* Main.storyboard */,
			);
			path = Views;
			sourceTree = "<group>";
		};
		265CC09824D0CD5C0077B280 = {
			isa = PBXGroup;
			children = (
				265CC0A324D0CD5D0077B280 /* alura1 */,
				265CC0A224D0CD5D0077B280 /* Products */,
			);
			sourceTree = "<group>";
		};
		265CC0A224D0CD5D0077B280 /* Products */ = {
			isa = PBXGroup;
			children = (
				265CC0A124D0CD5D0077B280 /* alura1.app */,
			);
			name = Products;
			sourceTree = "<group>";
		};
		265CC0A324D0CD5D0077B280 /* alura1 */ = {
			isa = PBXGroup;
			children = (
				263678F624EDD7CC004574E8 /* Models */,
				263678F824EDD7F6004574E8 /* Views */,
				263678F724EDD7E6004574E8 /* Controllers */,
				265CC0A424D0CD5D0077B280 /* AppDelegate.swift */,
				265CC0A624D0CD5D0077B280 /* SceneDelegate.swift */,
				265CC0AD24D0CD7C0077B280 /* Assets.xcassets */,
				26DBFB3B24D64F4100E41729 /* MyPlayground.playground */,
				265CC0AF24D0CD7C0077B280 /* LaunchScreen.storyboard */,
				265CC0B224D0CD7C0077B280 /* Info.plist */,
			);
			path = alura1;
			sourceTree = "<group>";
		};
/* End PBXGroup section */

/* Begin PBXNativeTarget section */
		265CC0A024D0CD5D0077B280 /* alura1 */ = {
			isa = PBXNativeTarget;
			buildConfigurationList = 265CC0B524D0CD7C0077B280 /* Build configuration list for PBXNativeTarget "alura1" */;
			buildPhases = (
				265CC09D24D0CD5D0077B280 /* Sources */,
				265CC09E24D0CD5D0077B280 /* Frameworks */,
				265CC09F24D0CD5D0077B280 /* Resources */,
			);
			buildRules = (
			);
			dependencies = (
			);
			name = alura1;
			productName = alura1;
			productReference = 265CC0A124D0CD5D0077B280 /* alura1.app */;
			productType = "com.apple.product-type.application";
		};
/* End PBXNativeTarget section */

/* Begin PBXProject section */
		265CC09924D0CD5D0077B280 /* Project object */ = {
			isa = PBXProject;
			attributes = {
				LastSwiftUpdateCheck = 1160;
				LastUpgradeCheck = 1160;
				ORGANIZATIONNAME = "Cezar Castro Rosa";
				TargetAttributes = {
					265CC0A024D0CD5D0077B280 = {
						CreatedOnToolsVersion = 11.6;
					};
				};
			};
			buildConfigurationList = 265CC09C24D0CD5D0077B280 /* Build configuration list for PBXProject "alura1" */;
			compatibilityVersion = "Xcode 9.3";
			developmentRegion = en;
			hasScannedForEncodings = 0;
			knownRegions = (
				en,
				Base,
			);
			mainGroup = 265CC09824D0CD5C0077B280;
			productRefGroup = 265CC0A224D0CD5D0077B280 /* Products */;
			projectDirPath = "";
			projectRoot = "";
			targets = (
				265CC0A024D0CD5D0077B280 /* alura1 */,
			);
		};
/* End PBXProject section */

/* Begin PBXResourcesBuildPhase section */
		265CC09F24D0CD5D0077B280 /* Resources */ = {
			isa = PBXResourcesBuildPhase;
			buildActionMask = 2147483647;
			files = (
				265CC0B124D0CD7C0077B280 /* LaunchScreen.storyboard in Resources */,
				265CC0AE24D0CD7C0077B280 /* Assets.xcassets in Resources */,
				265CC0AC24D0CD5D0077B280 /* Main.storyboard in Resources */,
			);
			runOnlyForDeploymentPostprocessing = 0;
		};
/* End PBXResourcesBuildPhase section */

/* Begin PBXSourcesBuildPhase section */
		265CC09D24D0CD5D0077B280 /* Sources */ = {
			isa = PBXSourcesBuildPhase;
			buildActionMask = 2147483647;
			files = (
				263678F524EDD6FE004574E8 /* Item.swift in Sources */,
				265CC0A924D0CD5D0077B280 /* ViewController.swift in Sources */,
				265CC0A524D0CD5D0077B280 /* AppDelegate.swift in Sources */,
				26CF9E6024F861210078B0AD /* RefeicoesTableViewController.swift in Sources */,
				265CC0A724D0CD5D0077B280 /* SceneDelegate.swift in Sources */,
				263678F324EDD67C004574E8 /* Refeicao.swift in Sources */,
			);
			runOnlyForDeploymentPostprocessing = 0;
		};
/* End PBXSourcesBuildPhase section */

/* Begin PBXVariantGroup section */
		265CC0AA24D0CD5D0077B280 /* Main.storyboard */ = {
			isa = PBXVariantGroup;
			children = (
				265CC0AB24D0CD5D0077B280 /* Base */,
			);
			name = Main.storyboard;
			sourceTree = "<group>";
		};
		265CC0AF24D0CD7C0077B280 /* LaunchScreen.storyboard */ = {
			isa = PBXVariantGroup;
			children = (
				265CC0B024D0CD7C0077B280 /* Base */,
			);
			name = LaunchScreen.storyboard;
			sourceTree = "<group>";
		};
/* End PBXVariantGroup section */

/* Begin XCBuildConfiguration section */
		265CC0B324D0CD7C0077B280 /* Debug */ = {
			isa = XCBuildConfiguration;
			buildSettings = {
				ALWAYS_SEARCH_USER_PATHS = NO;
				CLANG_ANALYZER_NONNULL = YES;
				CLANG_ANALYZER_NUMBER_OBJECT_CONVERSION = YES_AGGRESSIVE;
				CLANG_CXX_LANGUAGE_STANDARD = "gnu++14";
				CLANG_CXX_LIBRARY = "libc++";
				CLANG_ENABLE_MODULES = YES;
				CLANG_ENABLE_OBJC_ARC = YES;
				CLANG_ENABLE_OBJC_WEAK = YES;
				CLANG_WARN_BLOCK_CAPTURE_AUTORELEASING = YES;
				CLANG_WARN_BOOL_CONVERSION = YES;
				CLANG_WARN_COMMA = YES;
				CLANG_WARN_CONSTANT_CONVERSION = YES;
				CLANG_WARN_DEPRECATED_OBJC_IMPLEMENTATIONS = YES;
				CLANG_WARN_DIRECT_OBJC_ISA_USAGE = YES_ERROR;
				CLANG_WARN_DOCUMENTATION_COMMENTS = YES;
				CLANG_WARN_EMPTY_BODY = YES;
				CLANG_WARN_ENUM_CONVERSION = YES;
				CLANG_WARN_INFINITE_RECURSION = YES;
				CLANG_WARN_INT_CONVERSION = YES;
				CLANG_WARN_NON_LITERAL_NULL_CONVERSION = YES;
				CLANG_WARN_OBJC_IMPLICIT_RETAIN_SELF = YES;
				CLANG_WARN_OBJC_LITERAL_CONVERSION = YES;
				CLANG_WARN_OBJC_ROOT_CLASS = YES_ERROR;
				CLANG_WARN_RANGE_LOOP_ANALYSIS = YES;
				CLANG_WARN_STRICT_PROTOTYPES = YES;
				CLANG_WARN_SUSPICIOUS_MOVE = YES;
				CLANG_WARN_UNGUARDED_AVAILABILITY = YES_AGGRESSIVE;
				CLANG_WARN_UNREACHABLE_CODE = YES;
				CLANG_WARN__DUPLICATE_METHOD_MATCH = YES;
				COPY_PHASE_STRIP = NO;
				DEBUG_INFORMATION_FORMAT = dwarf;
				ENABLE_STRICT_OBJC_MSGSEND = YES;
				ENABLE_TESTABILITY = YES;
				GCC_C_LANGUAGE_STANDARD = gnu11;
				GCC_DYNAMIC_NO_PIC = NO;
				GCC_NO_COMMON_BLOCKS = YES;
				GCC_OPTIMIZATION_LEVEL = 0;
				GCC_PREPROCESSOR_DEFINITIONS = (
					"DEBUG=1",
					"$(inherited)",
				);
				GCC_WARN_64_TO_32_BIT_CONVERSION = YES;
				GCC_WARN_ABOUT_RETURN_TYPE = YES_ERROR;
				GCC_WARN_UNDECLARED_SELECTOR = YES;
				GCC_WARN_UNINITIALIZED_AUTOS = YES_AGGRESSIVE;
				GCC_WARN_UNUSED_FUNCTION = YES;
				GCC_WARN_UNUSED_VARIABLE = YES;
				IPHONEOS_DEPLOYMENT_TARGET = 13.6;
				MTL_ENABLE_DEBUG_INFO = INCLUDE_SOURCE;
				MTL_FAST_MATH = YES;
				ONLY_ACTIVE_ARCH = YES;
				SDKROOT = iphoneos;
				SWIFT_ACTIVE_COMPILATION_CONDITIONS = DEBUG;
				SWIFT_OPTIMIZATION_LEVEL = "-Onone";
			};
			name = Debug;
		};
		265CC0B424D0CD7C0077B280 /* Release */ = {
			isa = XCBuildConfiguration;
			buildSettings = {
				ALWAYS_SEARCH_USER_PATHS = NO;
				CLANG_ANALYZER_NONNULL = YES;
				CLANG_ANALYZER_NUMBER_OBJECT_CONVERSION = YES_AGGRESSIVE;
				CLANG_CXX_LANGUAGE_STANDARD = "gnu++14";
				CLANG_CXX_LIBRARY = "libc++";
				CLANG_ENABLE_MODULES = YES;
				CLANG_ENABLE_OBJC_ARC = YES;
				CLANG_ENABLE_OBJC_WEAK = YES;
				CLANG_WARN_BLOCK_CAPTURE_AUTORELEASING = YES;
				CLANG_WARN_BOOL_CONVERSION = YES;
				CLANG_WARN_COMMA = YES;
				CLANG_WARN_CONSTANT_CONVERSION = YES;
				CLANG_WARN_DEPRECATED_OBJC_IMPLEMENTATIONS = YES;
				CLANG_WARN_DIRECT_OBJC_ISA_USAGE = YES_ERROR;
				CLANG_WARN_DOCUMENTATION_COMMENTS = YES;
				CLANG_WARN_EMPTY_BODY = YES;
				CLANG_WARN_ENUM_CONVERSION = YES;
				CLANG_WARN_INFINITE_RECURSION = YES;
				CLANG_WARN_INT_CONVERSION = YES;
				CLANG_WARN_NON_LITERAL_NULL_CONVERSION = YES;
				CLANG_WARN_OBJC_IMPLICIT_RETAIN_SELF = YES;
				CLANG_WARN_OBJC_LITERAL_CONVERSION = YES;
				CLANG_WARN_OBJC_ROOT_CLASS = YES_ERROR;
				CLANG_WARN_RANGE_LOOP_ANALYSIS = YES;
				CLANG_WARN_STRICT_PROTOTYPES = YES;
				CLANG_WARN_SUSPICIOUS_MOVE = YES;
				CLANG_WARN_UNGUARDED_AVAILABILITY = YES_AGGRESSIVE;
				CLANG_WARN_UNREACHABLE_CODE = YES;
				CLANG_WARN__DUPLICATE_METHOD_MATCH = YES;
				COPY_PHASE_STRIP = NO;
				DEBUG_INFORMATION_FORMAT = "dwarf-with-dsym";
				ENABLE_NS_ASSERTIONS = NO;
				ENABLE_STRICT_OBJC_MSGSEND = YES;
				GCC_C_LANGUAGE_STANDARD = gnu11;
				GCC_NO_COMMON_BLOCKS = YES;
				GCC_WARN_64_TO_32_BIT_CONVERSION = YES;
				GCC_WARN_ABOUT_RETURN_TYPE = YES_ERROR;
				GCC_WARN_UNDECLARED_SELECTOR = YES;
				GCC_WARN_UNINITIALIZED_AUTOS = YES_AGGRESSIVE;
				GCC_WARN_UNUSED_FUNCTION = YES;
				GCC_WARN_UNUSED_VARIABLE = YES;
				IPHONEOS_DEPLOYMENT_TARGET = 13.6;
				MTL_ENABLE_DEBUG_INFO = NO;
				MTL_FAST_MATH = YES;
				SDKROOT = iphoneos;
				SWIFT_COMPILATION_MODE = wholemodule;
				SWIFT_OPTIMIZATION_LEVEL = "-O";
				VALIDATE_PRODUCT = YES;
			};
			name = Release;
		};
		265CC0B624D0CD7C0077B280 /* Debug */ = {
			isa = XCBuildConfiguration;
			buildSettings = {
				ASSETCATALOG_COMPILER_APPICON_NAME = AppIcon;
				CODE_SIGN_STYLE = Automatic;
				INFOPLIST_FILE = alura1/Info.plist;
				LD_RUNPATH_SEARCH_PATHS = (
					"$(inherited)",
					"@executable_path/Frameworks",
				);
				PRODUCT_BUNDLE_IDENTIFIER = cecez.alura1;
				PRODUCT_NAME = "$(TARGET_NAME)";
				SWIFT_VERSION = 5.0;
				TARGETED_DEVICE_FAMILY = "1,2";
			};
			name = Debug;
		};
		265CC0B724D0CD7C0077B280 /* Release */ = {
			isa = XCBuildConfiguration;
			buildSettings = {
				ASSETCATALOG_COMPILER_APPICON_NAME = AppIcon;
				CODE_SIGN_STYLE = Automatic;
				INFOPLIST_FILE = alura1/Info.plist;
				LD_RUNPATH_SEARCH_PATHS = (
					"$(inherited)",
					"@executable_path/Frameworks",
				);
				PRODUCT_BUNDLE_IDENTIFIER = cecez.alura1;
				PRODUCT_NAME = "$(TARGET_NAME)";
				SWIFT_VERSION = 5.0;
				TARGETED_DEVICE_FAMILY = "1,2";
			};
			name = Release;
		};
/* End XCBuildConfiguration section */

/* Begin XCConfigurationList section */
		265CC09C24D0CD5D0077B280 /* Build configuration list for PBXProject "alura1" */ = {
			isa = XCConfigurationList;
			buildConfigurations = (
				265CC0B324D0CD7C0077B280 /* Debug */,
				265CC0B424D0CD7C0077B280 /* Release */,
			);
			defaultConfigurationIsVisible = 0;
			defaultConfigurationName = Release;
		};
		265CC0B524D0CD7C0077B280 /* Build configuration list for PBXNativeTarget "alura1" */ = {
			isa = XCConfigurationList;
			buildConfigurations = (
				265CC0B624D0CD7C0077B280 /* Debug */,
				265CC0B724D0CD7C0077B280 /* Release */,
			);
			defaultConfigurationIsVisible = 0;
			defaultConfigurationName = Release;
		};
/* End XCConfigurationList section */
	};
	rootObject = 265CC09924D0CD5D0077B280 /* Project object */;
}
